# This file is autogenerated, do not edit; changes may be undone by the next 'dep ensure'.


[[projects]]
  name = "github.com/gorilla/context"
  packages = ["."]
  revision = "1ea25387ff6f684839d82767c1733ff4d4d15d0a"
  version = "v1.1"

[[projects]]
  name = "github.com/gorilla/mux"
  packages = ["."]
  revision = "53c1911da2b537f792e7cafcb446b05ffe33b996"
  version = "v1.6.1"

[[projects]]
  branch = "master"
  name = "github.com/mailru/easyjson"
  packages = [
    ".",
    "buffer",
    "jlexer",
    "jwriter"
  ]
  revision = "4a8a4c12c4d1b0c0a7de630426ce6dcb07141b17"

[[projects]]
  name = "github.com/olivere/elastic"
  packages = [
    ".",
    "config",
    "uritemplates"
  ]
  revision = "d6362604399c7af560b54f048b4fcfbdd6eff293"
  version = "v6.1.14"

[[projects]]
  name = "github.com/pkg/errors"
  packages = ["."]
  revision = "645ef00459ed84a119197bfb8d8205042c6df63d"
  version = "v0.8.0"

[[projects]]
  branch = "master"
  name = "golang.org/x/net"
  packages = ["context"]
  revision = "d0aafc73d5cdc42264b0af071c261abac580695e"

[solve-meta]
  analyzer-name = "dep"
  analyzer-version = 1
  inputs-digest = "cfcced7c77a74e3e132f82e711811f8ed12b7f4e11606a71a1a416d16a09be31"
  solver-name = "gps-cdcl"
  solver-version = 1
